
Microsoft Visual Studio Solution File, Format Version 12.00
# Visual Studio Version 16
VisualStudioVersion = 16.0.30330.147
MinimumVisualStudioVersion = 10.0.40219.1
Project("{FAE04EC0-301F-11D3-BF4B-00C04F79EFBC}") = "Time_Table_Generator", "Time_Table_Generator\Time_Table_Generator.csproj", "{5C09C246-F569-47CE-910C-66949D4E6465}"
EndProject
Project("{2150E333-8FDC-42A3-9474-1A3956D46DE8}") = "src", "src", "{F0D365B4-131A-4C8B-8416-E9D282B12998}"
EndProject
Project("{2150E333-8FDC-42A3-9474-1A3956D46DE8}") = "Application", "Application", "{4396DEF1-70F6-4368-A6CE-818DBF56F112}"
EndProject
Project("{2150E333-8FDC-42A3-9474-1A3956D46DE8}") = "Common", "Common", "{8C0429C1-7D04-406E-A731-BD79864DF9DC}"
EndProject
Project("{FAE04EC0-301F-11D3-BF4B-00C04F79EFBC}") = "BBTG.Common", "BBTG.Common\BBTG.Common.csproj", "{7EF70B50-82E4-49C4-ABD2-3A72E1860063}"
EndProject
Project("{2150E333-8FDC-42A3-9474-1A3956D46DE8}") = "Infastructure", "Infastructure", "{FB9D3E06-8BC8-4842-90CD-46821E20E29B}"
EndProject
Project("{2150E333-8FDC-42A3-9474-1A3956D46DE8}") = "DataAccess", "DataAccess", "{CBEABFA3-6904-40EC-BCBA-0A260CD662A6}"
EndProject
Project("{2150E333-8FDC-42A3-9474-1A3956D46DE8}") = "Entities", "Entities", "{D24676A6-86E9-4219-AFE2-2025708D9E38}"
EndProject
Project("{FAE04EC0-301F-11D3-BF4B-00C04F79EFBC}") = "BBTG.DataAccess", "BBTG.DataAccess\BBTG.DataAccess.csproj", "{48A64678-8143-48A3-B4D7-1EB6D98B01C4}"
EndProject
Project("{FAE04EC0-301F-11D3-BF4B-00C04F79EFBC}") = "BBTG.Entities", "BBTG.Entities\BBTG.Entities.csproj", "{D9BAAAF2-A527-4850-9875-DE39C6AEE99D}"
EndProject
Project("{2150E333-8FDC-42A3-9474-1A3956D46DE8}") = "UI", "UI", "{20CAD125-0342-4906-87FA-3A057C0DCB9F}"
EndProject
Project("{2150E333-8FDC-42A3-9474-1A3956D46DE8}") = "docs", "docs", "{17B85C77-61DF-4125-B05A-61A382D94ECD}"
	ProjectSection(SolutionItems) = preProject
		D:\Acadamic\3rd year\2nd sem\SPM\Project Specification.pdf = D:\Acadamic\3rd year\2nd sem\SPM\Project Specification.pdf
	EndProjectSection
EndProject
Global
	GlobalSection(SolutionConfigurationPlatforms) = preSolution
		Debug|Any CPU = Debug|Any CPU
		Release|Any CPU = Release|Any CPU
	EndGlobalSection
	GlobalSection(ProjectConfigurationPlatforms) = postSolution
		{5C09C246-F569-47CE-910C-66949D4E6465}.Debug|Any CPU.ActiveCfg = Debug|Any CPU
		{5C09C246-F569-47CE-910C-66949D4E6465}.Debug|Any CPU.Build.0 = Debug|Any CPU
		{5C09C246-F569-47CE-910C-66949D4E6465}.Release|Any CPU.ActiveCfg = Release|Any CPU
		{5C09C246-F569-47CE-910C-66949D4E6465}.Release|Any CPU.Build.0 = Release|Any CPU
		{7EF70B50-82E4-49C4-ABD2-3A72E1860063}.Debug|Any CPU.ActiveCfg = Debug|Any CPU
		{7EF70B50-82E4-49C4-ABD2-3A72E1860063}.Debug|Any CPU.Build.0 = Debug|Any CPU
		{7EF70B50-82E4-49C4-ABD2-3A72E1860063}.Release|Any CPU.ActiveCfg = Release|Any CPU
		{7EF70B50-82E4-49C4-ABD2-3A72E1860063}.Release|Any CPU.Build.0 = Release|Any CPU
		{48A64678-8143-48A3-B4D7-1EB6D98B01C4}.Debug|Any CPU.ActiveCfg = Debug|Any CPU
		{48A64678-8143-48A3-B4D7-1EB6D98B01C4}.Debug|Any CPU.Build.0 = Debug|Any CPU
		{48A64678-8143-48A3-B4D7-1EB6D98B01C4}.Release|Any CPU.ActiveCfg = Release|Any CPU
		{48A64678-8143-48A3-B4D7-1EB6D98B01C4}.Release|Any CPU.Build.0 = Release|Any CPU
		{D9BAAAF2-A527-4850-9875-DE39C6AEE99D}.Debug|Any CPU.ActiveCfg = Debug|Any CPU
		{D9BAAAF2-A527-4850-9875-DE39C6AEE99D}.Debug|Any CPU.Build.0 = Debug|Any CPU
		{D9BAAAF2-A527-4850-9875-DE39C6AEE99D}.Release|Any CPU.ActiveCfg = Release|Any CPU
		{D9BAAAF2-A527-4850-9875-DE39C6AEE99D}.Release|Any CPU.Build.0 = Release|Any CPU
	EndGlobalSection
	GlobalSection(SolutionProperties) = preSolution
		HideSolutionNode = FALSE
	EndGlobalSection
	GlobalSection(NestedProjects) = preSolution
		{5C09C246-F569-47CE-910C-66949D4E6465} = {20CAD125-0342-4906-87FA-3A057C0DCB9F}
		{4396DEF1-70F6-4368-A6CE-818DBF56F112} = {F0D365B4-131A-4C8B-8416-E9D282B12998}
		{8C0429C1-7D04-406E-A731-BD79864DF9DC} = {4396DEF1-70F6-4368-A6CE-818DBF56F112}
		{7EF70B50-82E4-49C4-ABD2-3A72E1860063} = {8C0429C1-7D04-406E-A731-BD79864DF9DC}
		{FB9D3E06-8BC8-4842-90CD-46821E20E29B} = {F0D365B4-131A-4C8B-8416-E9D282B12998}
		{CBEABFA3-6904-40EC-BCBA-0A260CD662A6} = {FB9D3E06-8BC8-4842-90CD-46821E20E29B}
		{D24676A6-86E9-4219-AFE2-2025708D9E38} = {FB9D3E06-8BC8-4842-90CD-46821E20E29B}
		{48A64678-8143-48A3-B4D7-1EB6D98B01C4} = {CBEABFA3-6904-40EC-BCBA-0A260CD662A6}
		{D9BAAAF2-A527-4850-9875-DE39C6AEE99D} = {D24676A6-86E9-4219-AFE2-2025708D9E38}
		{20CAD125-0342-4906-87FA-3A057C0DCB9F} = {F0D365B4-131A-4C8B-8416-E9D282B12998}
	EndGlobalSection
	GlobalSection(ExtensibilityGlobals) = postSolution
		SolutionGuid = {E8577AEA-45FC-4513-8145-B72CC36EEEE4}
	EndGlobalSection
EndGlobal
